{
    "_readme": [
        "This file locks the dependencies of your project to a known state",
        "Read more about it at https://getcomposer.org/doc/01-basic-usage.md#installing-dependencies",
        "This file is @generated automatically"
    ],
    "content-hash": "fb2d7455ef9f963e27a91cd3056c9ca3",
    "packages": [],
    "packages-dev": [
        {
            "name": "dvsa/coding-standards",
            "version": "v2.0.0",
            "source": {
                "type": "git",
                "url": "https://github.com/dvsa/php-coding-standards.git",
                "reference": "22da6f5cbed2a3ba619d1552727a908fbf0f2098"
            },
            "dist": {
                "type": "zip",
                "url": "https://api.github.com/repos/dvsa/php-coding-standards/zipball/22da6f5cbed2a3ba619d1552727a908fbf0f2098",
                "reference": "22da6f5cbed2a3ba619d1552727a908fbf0f2098",
                "shasum": ""
            },
            "require": {
                "php": "^7.4|^8.0",
                "squizlabs/php_codesniffer": "^3.1"
            },
            "require-dev": {
                "friendsofphp/php-cs-fixer": "^2.0"
            },
            "suggest": {
                "friendsofphp/php-cs-fixer": "To use the shared coding standards ruleset for PHP CS Fixer"
            },
            "type": "library",
            "autoload": {
                "psr-4": {
                    "Dvsa\\PhpCodingStandards\\PhpCsFixer\\": "src/Profiles/DVSA/PhpCsFixer"
                }
            },
            "notification-url": "https://packagist.org/downloads/",
            "license": [
                "MIT"
            ],
            "authors": [
                {
                    "name": "Shaun Hare",
                    "email": "shaun.hare@dvsa.gov.uk"
                },
                {
                    "name": "Igor Stimoli",
                    "email": "igor.stimoli@bjss.com"
                },
                {
                    "name": "Chris Emerson",
                    "email": "chris.emerson@bjss.com"
                }
            ],
            "description": "Coding Standards used for PHP in the Driver and Vehicle Standards Agency. PSR Compliant.",
            "support": {
                "issues": "https://github.com/dvsa/php-coding-standards/issues",
                "source": "https://github.com/dvsa/php-coding-standards/tree/v2.0.0"
            },
            "time": "2022-01-17T15:41:57+00:00"
        },
        {
            "name": "squizlabs/php_codesniffer",
            "version": "3.7.2",
            "source": {
                "type": "git",
                "url": "https://github.com/squizlabs/PHP_CodeSniffer.git",
                "reference": "ed8e00df0a83aa96acf703f8c2979ff33341f879"
            },
            "dist": {
                "type": "zip",
                "url": "https://api.github.com/repos/squizlabs/PHP_CodeSniffer/zipball/ed8e00df0a83aa96acf703f8c2979ff33341f879",
                "reference": "ed8e00df0a83aa96acf703f8c2979ff33341f879",
                "shasum": ""
            },
            "require": {
                "ext-simplexml": "*",
                "ext-tokenizer": "*",
                "ext-xmlwriter": "*",
                "php": ">=5.4.0"
            },
            "require-dev": {
                "phpunit/phpunit": "^4.0 || ^5.0 || ^6.0 || ^7.0"
            },
            "bin": [
                "bin/phpcs",
                "bin/phpcbf"
            ],
            "type": "library",
            "extra": {
                "branch-alias": {
                    "dev-master": "3.x-dev"
                }
            },
            "notification-url": "https://packagist.org/downloads/",
            "license": [
                "BSD-3-Clause"
            ],
            "authors": [
                {
                    "name": "Greg Sherwood",
                    "role": "lead"
                }
            ],
            "description": "PHP_CodeSniffer tokenizes PHP, JavaScript and CSS files and detects violations of a defined set of coding standards.",
            "homepage": "https://github.com/squizlabs/PHP_CodeSniffer",
            "keywords": [
                "phpcs",
                "standards",
                "static analysis"
            ],
            "support": {
                "issues": "https://github.com/squizlabs/PHP_CodeSniffer/issues",
                "source": "https://github.com/squizlabs/PHP_CodeSniffer",
                "wiki": "https://github.com/squizlabs/PHP_CodeSniffer/wiki"
            },
            "time": "2023-02-22T23:07:41+00:00"
        }
    ],
    "aliases": [],
    "minimum-stability": "stable",
    "stability-flags": [],
    "prefer-stable": false,
    "prefer-lowest": false,
    "platform": [],
    "platform-dev": [],
    "plugin-api-version": "2.3.0"
}
